
Microsoft Visual Studio Solution File, Format Version 12.00
# Visual Studio Version 17
VisualStudioVersion = 17.1.32228.430
MinimumVisualStudioVersion = 10.0.40219.1
Project("{9A19103F-16F7-4668-BE54-9A1E7A4F7556}") = "Homework_IS", "Homework_IS\Homework_IS.csproj", "{AD962209-61C7-4A2C-8B73-922214778974}"
EndProject
Project("{FAE04EC0-301F-11D3-BF4B-00C04F79EFBC}") = "Homework.Domain", "Homework.Domain\Homework.Domain.csproj", "{78372903-21D3-4383-BB87-1EDBA7A82622}"
EndProject
Project("{FAE04EC0-301F-11D3-BF4B-00C04F79EFBC}") = "Homework.Repository", "Homework.Repository\Homework.Repository.csproj", "{46F7EE1C-A04C-417D-90B8-BBD4034CD0C6}"
EndProject
Project("{FAE04EC0-301F-11D3-BF4B-00C04F79EFBC}") = "Homework.Services", "Homework.Services\Homework.Services.csproj", "{A152E232-CFFC-4328-BB96-54FF641448FD}"
EndProject
Global
	GlobalSection(SolutionConfigurationPlatforms) = preSolution
		Debug|Any CPU = Debug|Any CPU
		Release|Any CPU = Release|Any CPU
	EndGlobalSection
	GlobalSection(ProjectConfigurationPlatforms) = postSolution
		{AD962209-61C7-4A2C-8B73-922214778974}.Debug|Any CPU.ActiveCfg = Debug|Any CPU
		{AD962209-61C7-4A2C-8B73-922214778974}.Debug|Any CPU.Build.0 = Debug|Any CPU
		{AD962209-61C7-4A2C-8B73-922214778974}.Release|Any CPU.ActiveCfg = Release|Any CPU
		{AD962209-61C7-4A2C-8B73-922214778974}.Release|Any CPU.Build.0 = Release|Any CPU
		{78372903-21D3-4383-BB87-1EDBA7A82622}.Debug|Any CPU.ActiveCfg = Debug|Any CPU
		{78372903-21D3-4383-BB87-1EDBA7A82622}.Debug|Any CPU.Build.0 = Debug|Any CPU
		{78372903-21D3-4383-BB87-1EDBA7A82622}.Release|Any CPU.ActiveCfg = Release|Any CPU
		{78372903-21D3-4383-BB87-1EDBA7A82622}.Release|Any CPU.Build.0 = Release|Any CPU
		{46F7EE1C-A04C-417D-90B8-BBD4034CD0C6}.Debug|Any CPU.ActiveCfg = Debug|Any CPU
		{46F7EE1C-A04C-417D-90B8-BBD4034CD0C6}.Debug|Any CPU.Build.0 = Debug|Any CPU
		{46F7EE1C-A04C-417D-90B8-BBD4034CD0C6}.Release|Any CPU.ActiveCfg = Release|Any CPU
		{46F7EE1C-A04C-417D-90B8-BBD4034CD0C6}.Release|Any CPU.Build.0 = Release|Any CPU
		{A152E232-CFFC-4328-BB96-54FF641448FD}.Debug|Any CPU.ActiveCfg = Debug|Any CPU
		{A152E232-CFFC-4328-BB96-54FF641448FD}.Debug|Any CPU.Build.0 = Debug|Any CPU
		{A152E232-CFFC-4328-BB96-54FF641448FD}.Release|Any CPU.ActiveCfg = Release|Any CPU
		{A152E232-CFFC-4328-BB96-54FF641448FD}.Release|Any CPU.Build.0 = Release|Any CPU
	EndGlobalSection
	GlobalSection(SolutionProperties) = preSolution
		HideSolutionNode = FALSE
	EndGlobalSection
	GlobalSection(ExtensibilityGlobals) = postSolution
		SolutionGuid = {DF1CB6A2-2A5E-4040-B0FF-B06982FA6193}
	EndGlobalSection
EndGlobal
