
Microsoft Visual Studio Solution File, Format Version 12.00
# Visual Studio Version 17
VisualStudioVersion = 17.1.32228.430
MinimumVisualStudioVersion = 10.0.40219.1
Project("{9A19103F-16F7-4668-BE54-9A1E7A4F7556}") = "Reserve-Space", "Reserve-Space\Reserve-Space.csproj", "{FAF45D71-2E2C-44B0-9483-FF3DBFCCBA1D}"
EndProject
Project("{9A19103F-16F7-4668-BE54-9A1E7A4F7556}") = "Domain", "Domain\Domain.csproj", "{B1B782A5-027C-4F2E-B30E-CAFE169057E3}"
EndProject
Project("{9A19103F-16F7-4668-BE54-9A1E7A4F7556}") = "Repository", "Repository\Repository.csproj", "{14BC2B7B-7233-4F62-9365-66E0268D903F}"
EndProject
Project("{9A19103F-16F7-4668-BE54-9A1E7A4F7556}") = "Service", "Service\Service.csproj", "{EE4225A1-74FD-459E-A1DE-4C5872F6A7BF}"
EndProject
Global
	GlobalSection(SolutionConfigurationPlatforms) = preSolution
		Debug|Any CPU = Debug|Any CPU
		Release|Any CPU = Release|Any CPU
	EndGlobalSection
	GlobalSection(ProjectConfigurationPlatforms) = postSolution
		{FAF45D71-2E2C-44B0-9483-FF3DBFCCBA1D}.Debug|Any CPU.ActiveCfg = Debug|Any CPU
		{FAF45D71-2E2C-44B0-9483-FF3DBFCCBA1D}.Debug|Any CPU.Build.0 = Debug|Any CPU
		{FAF45D71-2E2C-44B0-9483-FF3DBFCCBA1D}.Release|Any CPU.ActiveCfg = Release|Any CPU
		{FAF45D71-2E2C-44B0-9483-FF3DBFCCBA1D}.Release|Any CPU.Build.0 = Release|Any CPU
		{B1B782A5-027C-4F2E-B30E-CAFE169057E3}.Debug|Any CPU.ActiveCfg = Debug|Any CPU
		{B1B782A5-027C-4F2E-B30E-CAFE169057E3}.Debug|Any CPU.Build.0 = Debug|Any CPU
		{B1B782A5-027C-4F2E-B30E-CAFE169057E3}.Release|Any CPU.ActiveCfg = Release|Any CPU
		{B1B782A5-027C-4F2E-B30E-CAFE169057E3}.Release|Any CPU.Build.0 = Release|Any CPU
		{14BC2B7B-7233-4F62-9365-66E0268D903F}.Debug|Any CPU.ActiveCfg = Debug|Any CPU
		{14BC2B7B-7233-4F62-9365-66E0268D903F}.Debug|Any CPU.Build.0 = Debug|Any CPU
		{14BC2B7B-7233-4F62-9365-66E0268D903F}.Release|Any CPU.ActiveCfg = Release|Any CPU
		{14BC2B7B-7233-4F62-9365-66E0268D903F}.Release|Any CPU.Build.0 = Release|Any CPU
		{EE4225A1-74FD-459E-A1DE-4C5872F6A7BF}.Debug|Any CPU.ActiveCfg = Debug|Any CPU
		{EE4225A1-74FD-459E-A1DE-4C5872F6A7BF}.Debug|Any CPU.Build.0 = Debug|Any CPU
		{EE4225A1-74FD-459E-A1DE-4C5872F6A7BF}.Release|Any CPU.ActiveCfg = Release|Any CPU
		{EE4225A1-74FD-459E-A1DE-4C5872F6A7BF}.Release|Any CPU.Build.0 = Release|Any CPU
	EndGlobalSection
	GlobalSection(SolutionProperties) = preSolution
		HideSolutionNode = FALSE
	EndGlobalSection
	GlobalSection(ExtensibilityGlobals) = postSolution
		SolutionGuid = {5ED14805-468C-43D5-B32A-CB266535FFF0}
	EndGlobalSection
EndGlobal
